
Microsoft Visual Studio Solution File, Format Version 12.00
# Visual Studio Version 16
VisualStudioVersion = 16.0.31729.503
MinimumVisualStudioVersion = 10.0.40219.1
Project("{FAE04EC0-301F-11D3-BF4B-00C04F79EFBC}") = "DutchTreat", "DutchTreat.csproj", "{DE201361-2F00-4802-9711-EC8963B013F6}"
EndProject
Global
	GlobalSection(SolutionConfigurationPlatforms) = preSolution
		Debug|Any CPU = Debug|Any CPU
		Release|Any CPU = Release|Any CPU
	EndGlobalSection
	GlobalSection(ProjectConfigurationPlatforms) = postSolution
		{DE201361-2F00-4802-9711-EC8963B013F6}.Debug|Any CPU.ActiveCfg = Debug|Any CPU
		{DE201361-2F00-4802-9711-EC8963B013F6}.Debug|Any CPU.Build.0 = Debug|Any CPU
		{DE201361-2F00-4802-9711-EC8963B013F6}.Release|Any CPU.ActiveCfg = Release|Any CPU
		{DE201361-2F00-4802-9711-EC8963B013F6}.Release|Any CPU.Build.0 = Release|Any CPU
	EndGlobalSection
	GlobalSection(SolutionProperties) = preSolution
		HideSolutionNode = FALSE
	EndGlobalSection
	GlobalSection(ExtensibilityGlobals) = postSolution
		SolutionGuid = {BCCD3A8F-7F0B-42B4-82DA-3763F98CB4BA}
	EndGlobalSection
EndGlobal
